
Microsoft Visual Studio Solution File, Format Version 12.00
# Visual Studio 15
Project("{FAE04EC0-301F-11D3-BF4B-00C04F79EFBC}") = "LeanLocalizationEditor", "LeanLocalizationEditor.csproj", "{BC17C8DC-CDA1-A4A3-9AA7-6173A061BEAF}"
EndProject
Project("{FAE04EC0-301F-11D3-BF4B-00C04F79EFBC}") = "LeanCommon", "LeanCommon.csproj", "{412BF3E3-91B3-1123-377E-50277A52955F}"
EndProject
Project("{FAE04EC0-301F-11D3-BF4B-00C04F79EFBC}") = "Assembly-CSharp", "Assembly-CSharp.csproj", "{B297705D-B2B0-CC77-38B5-335F960E2B63}"
EndProject
Project("{FAE04EC0-301F-11D3-BF4B-00C04F79EFBC}") = "LeanLocalization", "LeanLocalization.csproj", "{F6C3ED41-C7D0-A47B-51A6-E09A6BF8A018}"
EndProject
Project("{FAE04EC0-301F-11D3-BF4B-00C04F79EFBC}") = "Assembly-CSharp-Editor", "Assembly-CSharp-Editor.csproj", "{E0D9FB21-9486-4B79-0C36-F7799D70B081}"
EndProject
Global
	GlobalSection(SolutionConfigurationPlatforms) = preSolution
		Debug|Any CPU = Debug|Any CPU
		Release|Any CPU = Release|Any CPU
	EndGlobalSection
	GlobalSection(ProjectConfigurationPlatforms) = postSolution
		{BC17C8DC-CDA1-A4A3-9AA7-6173A061BEAF}.Debug|Any CPU.ActiveCfg = Debug|Any CPU
		{BC17C8DC-CDA1-A4A3-9AA7-6173A061BEAF}.Debug|Any CPU.Build.0 = Debug|Any CPU
		{BC17C8DC-CDA1-A4A3-9AA7-6173A061BEAF}.Release|Any CPU.ActiveCfg = Release|Any CPU
		{BC17C8DC-CDA1-A4A3-9AA7-6173A061BEAF}.Release|Any CPU.Build.0 = Release|Any CPU
		{412BF3E3-91B3-1123-377E-50277A52955F}.Debug|Any CPU.ActiveCfg = Debug|Any CPU
		{412BF3E3-91B3-1123-377E-50277A52955F}.Debug|Any CPU.Build.0 = Debug|Any CPU
		{412BF3E3-91B3-1123-377E-50277A52955F}.Release|Any CPU.ActiveCfg = Release|Any CPU
		{412BF3E3-91B3-1123-377E-50277A52955F}.Release|Any CPU.Build.0 = Release|Any CPU
		{B297705D-B2B0-CC77-38B5-335F960E2B63}.Debug|Any CPU.ActiveCfg = Debug|Any CPU
		{B297705D-B2B0-CC77-38B5-335F960E2B63}.Debug|Any CPU.Build.0 = Debug|Any CPU
		{B297705D-B2B0-CC77-38B5-335F960E2B63}.Release|Any CPU.ActiveCfg = Release|Any CPU
		{B297705D-B2B0-CC77-38B5-335F960E2B63}.Release|Any CPU.Build.0 = Release|Any CPU
		{F6C3ED41-C7D0-A47B-51A6-E09A6BF8A018}.Debug|Any CPU.ActiveCfg = Debug|Any CPU
		{F6C3ED41-C7D0-A47B-51A6-E09A6BF8A018}.Debug|Any CPU.Build.0 = Debug|Any CPU
		{F6C3ED41-C7D0-A47B-51A6-E09A6BF8A018}.Release|Any CPU.ActiveCfg = Release|Any CPU
		{F6C3ED41-C7D0-A47B-51A6-E09A6BF8A018}.Release|Any CPU.Build.0 = Release|Any CPU
		{E0D9FB21-9486-4B79-0C36-F7799D70B081}.Debug|Any CPU.ActiveCfg = Debug|Any CPU
		{E0D9FB21-9486-4B79-0C36-F7799D70B081}.Debug|Any CPU.Build.0 = Debug|Any CPU
		{E0D9FB21-9486-4B79-0C36-F7799D70B081}.Release|Any CPU.ActiveCfg = Release|Any CPU
		{E0D9FB21-9486-4B79-0C36-F7799D70B081}.Release|Any CPU.Build.0 = Release|Any CPU
	EndGlobalSection
	GlobalSection(SolutionProperties) = preSolution
		HideSolutionNode = FALSE
	EndGlobalSection
EndGlobal
