
Microsoft Visual Studio Solution File, Format Version 12.00
# Visual Studio 15
Project("{FAE04EC0-301F-11D3-BF4B-00C04F79EFBC}") = "Assembly-CSharp", "Assembly-CSharp.csproj", "{4E87552E-3A49-B7EE-9EEF-62E61D817C31}"
EndProject
Project("{FAE04EC0-301F-11D3-BF4B-00C04F79EFBC}") = "LeanLocalizationEditor", "LeanLocalizationEditor.csproj", "{FA47F61E-12FC-DB39-583E-23ECD694F04E}"
EndProject
Project("{FAE04EC0-301F-11D3-BF4B-00C04F79EFBC}") = "LeanCommon", "LeanCommon.csproj", "{3BFA4E5C-D880-1630-1A66-BCFB417F9AB7}"
EndProject
Project("{FAE04EC0-301F-11D3-BF4B-00C04F79EFBC}") = "LeanLocalization", "LeanLocalization.csproj", "{0EB5E98C-65A6-CC48-0125-A2B05BA600F6}"
EndProject
Project("{FAE04EC0-301F-11D3-BF4B-00C04F79EFBC}") = "Assembly-CSharp-Editor", "Assembly-CSharp-Editor.csproj", "{4B84D703-8195-8920-6AAF-F84047D614F9}"
EndProject
Global
	GlobalSection(SolutionConfigurationPlatforms) = preSolution
		Debug|Any CPU = Debug|Any CPU
		Release|Any CPU = Release|Any CPU
	EndGlobalSection
	GlobalSection(ProjectConfigurationPlatforms) = postSolution
		{4E87552E-3A49-B7EE-9EEF-62E61D817C31}.Debug|Any CPU.ActiveCfg = Debug|Any CPU
		{4E87552E-3A49-B7EE-9EEF-62E61D817C31}.Debug|Any CPU.Build.0 = Debug|Any CPU
		{4E87552E-3A49-B7EE-9EEF-62E61D817C31}.Release|Any CPU.ActiveCfg = Release|Any CPU
		{4E87552E-3A49-B7EE-9EEF-62E61D817C31}.Release|Any CPU.Build.0 = Release|Any CPU
		{FA47F61E-12FC-DB39-583E-23ECD694F04E}.Debug|Any CPU.ActiveCfg = Debug|Any CPU
		{FA47F61E-12FC-DB39-583E-23ECD694F04E}.Debug|Any CPU.Build.0 = Debug|Any CPU
		{FA47F61E-12FC-DB39-583E-23ECD694F04E}.Release|Any CPU.ActiveCfg = Release|Any CPU
		{FA47F61E-12FC-DB39-583E-23ECD694F04E}.Release|Any CPU.Build.0 = Release|Any CPU
		{3BFA4E5C-D880-1630-1A66-BCFB417F9AB7}.Debug|Any CPU.ActiveCfg = Debug|Any CPU
		{3BFA4E5C-D880-1630-1A66-BCFB417F9AB7}.Debug|Any CPU.Build.0 = Debug|Any CPU
		{3BFA4E5C-D880-1630-1A66-BCFB417F9AB7}.Release|Any CPU.ActiveCfg = Release|Any CPU
		{3BFA4E5C-D880-1630-1A66-BCFB417F9AB7}.Release|Any CPU.Build.0 = Release|Any CPU
		{0EB5E98C-65A6-CC48-0125-A2B05BA600F6}.Debug|Any CPU.ActiveCfg = Debug|Any CPU
		{0EB5E98C-65A6-CC48-0125-A2B05BA600F6}.Debug|Any CPU.Build.0 = Debug|Any CPU
		{0EB5E98C-65A6-CC48-0125-A2B05BA600F6}.Release|Any CPU.ActiveCfg = Release|Any CPU
		{0EB5E98C-65A6-CC48-0125-A2B05BA600F6}.Release|Any CPU.Build.0 = Release|Any CPU
		{4B84D703-8195-8920-6AAF-F84047D614F9}.Debug|Any CPU.ActiveCfg = Debug|Any CPU
		{4B84D703-8195-8920-6AAF-F84047D614F9}.Debug|Any CPU.Build.0 = Debug|Any CPU
		{4B84D703-8195-8920-6AAF-F84047D614F9}.Release|Any CPU.ActiveCfg = Release|Any CPU
		{4B84D703-8195-8920-6AAF-F84047D614F9}.Release|Any CPU.Build.0 = Release|Any CPU
	EndGlobalSection
	GlobalSection(SolutionProperties) = preSolution
		HideSolutionNode = FALSE
	EndGlobalSection
EndGlobal
